{
    "_meta": {
        "hash": {
            "sha256": "0a17984e870fce27dea748ff72f7d4c589e8361a142c2cfc338ea00de74ef469"
        },
        "pipfile-spec": 6,
        "requires": {
            "python_version": "3.10"
        },
        "sources": [
            {
                "name": "pypi",
                "url": "https://pypi.org/simple",
                "verify_ssl": true
            }
        ]
    },
    "default": {
        "paho-mqtt": {
            "hashes": [
                "sha256:12d6e7511d4137555a3f6ea167ae846af2c7357b10bc6fa4f7c3968fc1723834",
                "sha256:6db9ba9b34ed5bc6b6e3812718c7e06e2fd7444540df2455d2c51bd58808feee"
            ],
            "index": "pypi",
            "markers": "python_version >= '3.7'",
            "version": "==2.1.0"
        },
        "python-dotenv": {
            "hashes": [
                "sha256:42667e897e16ab0d66954af0e60a9caa94f0fd4ecf3aaf6d2d260eec1aa36ad6",
                "sha256:b81ee9561e9ca4004139c6cbba3a238c32b03e4894671e181b671e8cb8425d61"
            ],
            "index": "pypi",
            "markers": "python_version >= '3.9'",
            "version": "==1.2.1"
        },
        "schedule": {
            "hashes": [
                "sha256:15fe9c75fe5fd9b9627f3f19cc0ef1420508f9f9a46f45cd0769ef75ede5f0b7",
                "sha256:5bef4a2a0183abf44046ae0d164cadcac21b1db011bdd8102e4a0c1e91e06a7d"
            ],
            "index": "pypi",
            "markers": "python_version >= '3.7'",
            "version": "==1.2.2"
        }
    },
    "develop": {}
}
